// !$*UTF8*$!
{
	archiveVersion = 1;
	classes = {
	};
	objectVersion = 46;
	objects = {

/* Begin PBXBuildFile section */
		573BFEF56B9FBB9A7E363AF1 /* Pods_RxAlamoRecordTests.framework in Frameworks */ = {isa = PBXBuildFile; fileRef = 709E8B51A0FA6D649A1621A1 /* Pods_RxAlamoRecordTests.framework */; };
		5C563A2D211CBFEA0099C940 /* PostCell.swift in Sources */ = {isa = PBXBuildFile; fileRef = 5C563A2C211CBFEA0099C940 /* PostCell.swift */; };
		5C563A30211CC0210099C940 /* ColorsExtension.swift in Sources */ = {isa = PBXBuildFile; fileRef = 5C563A2E211CC0210099C940 /* ColorsExtension.swift */; };
		5C563A31211CC0210099C940 /* BaseTableViewCell.swift in Sources */ = {isa = PBXBuildFile; fileRef = 5C563A2F211CC0210099C940 /* BaseTableViewCell.swift */; };
		5C563A37211CC7790099C940 /* CommentsViewModel.swift in Sources */ = {isa = PBXBuildFile; fileRef = 5C563A33211CC7790099C940 /* CommentsViewModel.swift */; };
		5C563A38211CC7790099C940 /* CommentsView.swift in Sources */ = {isa = PBXBuildFile; fileRef = 5C563A34211CC7790099C940 /* CommentsView.swift */; };
		5C563A39211CC7790099C940 /* CommentCell.swift in Sources */ = {isa = PBXBuildFile; fileRef = 5C563A35211CC7790099C940 /* CommentCell.swift */; };
		5C563A3A211CC7790099C940 /* CommentsViewController.swift in Sources */ = {isa = PBXBuildFile; fileRef = 5C563A36211CC7790099C940 /* CommentsViewController.swift */; };
		5C563A3C211CC80C0099C940 /* CommentsTableViewHelper.swift in Sources */ = {isa = PBXBuildFile; fileRef = 5C563A3B211CC80C0099C940 /* CommentsTableViewHelper.swift */; };
		5C563A41211DCA810099C940 /* CreatePostView.swift in Sources */ = {isa = PBXBuildFile; fileRef = 5C563A3E211DCA810099C940 /* CreatePostView.swift */; };
		5C563A42211DCA810099C940 /* CreatePostViewController.swift in Sources */ = {isa = PBXBuildFile; fileRef = 5C563A3F211DCA810099C940 /* CreatePostViewController.swift */; };
		5C5F9D3422090D7900B0B58B /* UploadRequestData.swift in Sources */ = {isa = PBXBuildFile; fileRef = 5C5F9D3322090D7900B0B58B /* UploadRequestData.swift */; };
		5C5F9D3522090D7900B0B58B /* UploadRequestData.swift in Sources */ = {isa = PBXBuildFile; fileRef = 5C5F9D3322090D7900B0B58B /* UploadRequestData.swift */; };
		5C5F9D3722090D9800B0B58B /* RequestManagerUploadRequestData.swift in Sources */ = {isa = PBXBuildFile; fileRef = 5C5F9D3622090D9800B0B58B /* RequestManagerUploadRequestData.swift */; };
		5C5F9D3822090D9800B0B58B /* RequestManagerUploadRequestData.swift in Sources */ = {isa = PBXBuildFile; fileRef = 5C5F9D3622090D9800B0B58B /* RequestManagerUploadRequestData.swift */; };
		5C6F4023211A1584001B99A4 /* BaseRequestData.swift in Sources */ = {isa = PBXBuildFile; fileRef = 5C6F4022211A1584001B99A4 /* BaseRequestData.swift */; };
		5C6F402A211A1590001B99A4 /* FindRequestData.swift in Sources */ = {isa = PBXBuildFile; fileRef = 5C6F4024211A1590001B99A4 /* FindRequestData.swift */; };
		5C6F402B211A1590001B99A4 /* AlamoRecordObjectRequestData.swift in Sources */ = {isa = PBXBuildFile; fileRef = 5C6F4025211A1590001B99A4 /* AlamoRecordObjectRequestData.swift */; };
		5C6F402C211A1590001B99A4 /* AllRequestData.swift in Sources */ = {isa = PBXBuildFile; fileRef = 5C6F4026211A1590001B99A4 /* AllRequestData.swift */; };
		5C6F402D211A1590001B99A4 /* DestroyRequestData.swift in Sources */ = {isa = PBXBuildFile; fileRef = 5C6F4027211A1590001B99A4 /* DestroyRequestData.swift */; };
		5C6F402E211A1590001B99A4 /* UpdateRequestData.swift in Sources */ = {isa = PBXBuildFile; fileRef = 5C6F4028211A1590001B99A4 /* UpdateRequestData.swift */; };
		5C6F402F211A1590001B99A4 /* CreateRequestData.swift in Sources */ = {isa = PBXBuildFile; fileRef = 5C6F4029211A1590001B99A4 /* CreateRequestData.swift */; };
		5C6F4038211A15A1001B99A4 /* RequestManagerMakeRequestData.swift in Sources */ = {isa = PBXBuildFile; fileRef = 5C6F4034211A15A0001B99A4 /* RequestManagerMakeRequestData.swift */; };
		5C6F4039211A15A1001B99A4 /* RequestManagerMapObjectsRequestData.swift in Sources */ = {isa = PBXBuildFile; fileRef = 5C6F4035211A15A1001B99A4 /* RequestManagerMapObjectsRequestData.swift */; };
		5C6F403A211A15A1001B99A4 /* RequestManagerMapObjectRequestData.swift in Sources */ = {isa = PBXBuildFile; fileRef = 5C6F4036211A15A1001B99A4 /* RequestManagerMapObjectRequestData.swift */; };
		5C6F403B211A15A1001B99A4 /* RequestManagerRequestData.swift in Sources */ = {isa = PBXBuildFile; fileRef = 5C6F4037211A15A1001B99A4 /* RequestManagerRequestData.swift */; };
		5C8A21BE211B6B8900FA05FF /* AlamoRecordRelay.swift in Sources */ = {isa = PBXBuildFile; fileRef = 5C8A21BD211B6B8900FA05FF /* AlamoRecordRelay.swift */; };
		5C8A21C0211B6C5C00FA05FF /* ObservableTypeExtension.swift in Sources */ = {isa = PBXBuildFile; fileRef = 5C8A21BF211B6C5C00FA05FF /* ObservableTypeExtension.swift */; };
		5C8A21C3211CBE5200FA05FF /* PostsViewModel.swift in Sources */ = {isa = PBXBuildFile; fileRef = 5C8A21C2211CBE5200FA05FF /* PostsViewModel.swift */; };
		5C8A21C5211CBE5C00FA05FF /* PostsView.swift in Sources */ = {isa = PBXBuildFile; fileRef = 5C8A21C4211CBE5C00FA05FF /* PostsView.swift */; };
		5C8A21C7211CBE6900FA05FF /* PostsViewController.swift in Sources */ = {isa = PBXBuildFile; fileRef = 5C8A21C6211CBE6900FA05FF /* PostsViewController.swift */; };
		5C8A21C9211CBEDE00FA05FF /* PostsTableViewHelper.swift in Sources */ = {isa = PBXBuildFile; fileRef = 5C8A21C8211CBEDE00FA05FF /* PostsTableViewHelper.swift */; };
		5CAE0FAE21211A5A002C9E3D /* RxAlamoRecordTests.swift in Sources */ = {isa = PBXBuildFile; fileRef = 5CAE0FAD21211A5A002C9E3D /* RxAlamoRecordTests.swift */; };
		5CAE0FB521211A96002C9E3D /* ApplicationObject.swift in Sources */ = {isa = PBXBuildFile; fileRef = 5CF1D1D92117FF7E00878616 /* ApplicationObject.swift */; };
		5CAE0FB621211A96002C9E3D /* Comment.swift in Sources */ = {isa = PBXBuildFile; fileRef = 5CF1D1C82117F52900878616 /* Comment.swift */; };
		5CAE0FB721211A96002C9E3D /* Post.swift in Sources */ = {isa = PBXBuildFile; fileRef = 5CF1D1C52117F51800878616 /* Post.swift */; };
		5CAE0FB821211A9C002C9E3D /* ApplicationError.swift in Sources */ = {isa = PBXBuildFile; fileRef = 5CF1D1BB2117F4EF00878616 /* ApplicationError.swift */; };
		5CAE0FB921211A9C002C9E3D /* ApplicationRequestManager.swift in Sources */ = {isa = PBXBuildFile; fileRef = 5CF1D1BD2117F4F000878616 /* ApplicationRequestManager.swift */; };
		5CAE0FBA21211A9C002C9E3D /* ApplicationURL.swift in Sources */ = {isa = PBXBuildFile; fileRef = 5CF1D1BC2117F4EF00878616 /* ApplicationURL.swift */; };
		5CAE0FBB21211AA5002C9E3D /* AlamoRecordRelay.swift in Sources */ = {isa = PBXBuildFile; fileRef = 5C8A21BD211B6B8900FA05FF /* AlamoRecordRelay.swift */; };
		5CAE0FBC21211AA5002C9E3D /* BaseRequestData.swift in Sources */ = {isa = PBXBuildFile; fileRef = 5C6F4022211A1584001B99A4 /* BaseRequestData.swift */; };
		5CAE0FBD21211AAD002C9E3D /* AlamoRecordObjectRequestData.swift in Sources */ = {isa = PBXBuildFile; fileRef = 5C6F4025211A1590001B99A4 /* AlamoRecordObjectRequestData.swift */; };
		5CAE0FBE21211AAD002C9E3D /* AllRequestData.swift in Sources */ = {isa = PBXBuildFile; fileRef = 5C6F4026211A1590001B99A4 /* AllRequestData.swift */; };
		5CAE0FBF21211AAD002C9E3D /* CreateRequestData.swift in Sources */ = {isa = PBXBuildFile; fileRef = 5C6F4029211A1590001B99A4 /* CreateRequestData.swift */; };
		5CAE0FC021211AAD002C9E3D /* DestroyRequestData.swift in Sources */ = {isa = PBXBuildFile; fileRef = 5C6F4027211A1590001B99A4 /* DestroyRequestData.swift */; };
		5CAE0FC121211AAD002C9E3D /* FindRequestData.swift in Sources */ = {isa = PBXBuildFile; fileRef = 5C6F4024211A1590001B99A4 /* FindRequestData.swift */; };
		5CAE0FC221211AAD002C9E3D /* UpdateRequestData.swift in Sources */ = {isa = PBXBuildFile; fileRef = 5C6F4028211A1590001B99A4 /* UpdateRequestData.swift */; };
		5CAE0FC321211AB7002C9E3D /* ObservableTypeExtension.swift in Sources */ = {isa = PBXBuildFile; fileRef = 5C8A21BF211B6C5C00FA05FF /* ObservableTypeExtension.swift */; };
		5CAE0FC421211AB7002C9E3D /* AlamoRecordObjectExtension.swift in Sources */ = {isa = PBXBuildFile; fileRef = 5CE6B0D0211A9E9C001335BB /* AlamoRecordObjectExtension.swift */; };
		5CAE0FC521211AB7002C9E3D /* RequestManagerExtension.swift in Sources */ = {isa = PBXBuildFile; fileRef = 5CE6B0CF211A9E9B001335BB /* RequestManagerExtension.swift */; };
		5CAE0FC621211ABD002C9E3D /* RequestManagerMakeRequestData.swift in Sources */ = {isa = PBXBuildFile; fileRef = 5C6F4034211A15A0001B99A4 /* RequestManagerMakeRequestData.swift */; };
		5CAE0FC721211ABD002C9E3D /* RequestManagerMapObjectRequestData.swift in Sources */ = {isa = PBXBuildFile; fileRef = 5C6F4036211A15A1001B99A4 /* RequestManagerMapObjectRequestData.swift */; };
		5CAE0FC821211ABD002C9E3D /* RequestManagerMapObjectsRequestData.swift in Sources */ = {isa = PBXBuildFile; fileRef = 5C6F4035211A15A1001B99A4 /* RequestManagerMapObjectsRequestData.swift */; };
		5CAE0FC921211ABD002C9E3D /* RequestManagerRequestData.swift in Sources */ = {isa = PBXBuildFile; fileRef = 5C6F4037211A15A1001B99A4 /* RequestManagerRequestData.swift */; };
		5CE6B0D1211A9E9C001335BB /* RequestManagerExtension.swift in Sources */ = {isa = PBXBuildFile; fileRef = 5CE6B0CF211A9E9B001335BB /* RequestManagerExtension.swift */; };
		5CE6B0D2211A9E9C001335BB /* AlamoRecordObjectExtension.swift in Sources */ = {isa = PBXBuildFile; fileRef = 5CE6B0D0211A9E9C001335BB /* AlamoRecordObjectExtension.swift */; };
		5CF1D1BE2117F4F000878616 /* ApplicationError.swift in Sources */ = {isa = PBXBuildFile; fileRef = 5CF1D1BB2117F4EF00878616 /* ApplicationError.swift */; };
		5CF1D1C02117F4F000878616 /* ApplicationURL.swift in Sources */ = {isa = PBXBuildFile; fileRef = 5CF1D1BC2117F4EF00878616 /* ApplicationURL.swift */; };
		5CF1D1C22117F4F000878616 /* ApplicationRequestManager.swift in Sources */ = {isa = PBXBuildFile; fileRef = 5CF1D1BD2117F4F000878616 /* ApplicationRequestManager.swift */; };
		5CF1D1C62117F51800878616 /* Post.swift in Sources */ = {isa = PBXBuildFile; fileRef = 5CF1D1C52117F51800878616 /* Post.swift */; };
		5CF1D1C92117F52900878616 /* Comment.swift in Sources */ = {isa = PBXBuildFile; fileRef = 5CF1D1C82117F52900878616 /* Comment.swift */; };
		5CF1D1DA2117FF7E00878616 /* ApplicationObject.swift in Sources */ = {isa = PBXBuildFile; fileRef = 5CF1D1D92117FF7E00878616 /* ApplicationObject.swift */; };
		607FACD61AFB9204008FA782 /* AppDelegate.swift in Sources */ = {isa = PBXBuildFile; fileRef = 607FACD51AFB9204008FA782 /* AppDelegate.swift */; };
		607FACDD1AFB9204008FA782 /* Images.xcassets in Resources */ = {isa = PBXBuildFile; fileRef = 607FACDC1AFB9204008FA782 /* Images.xcassets */; };
		607FACE01AFB9204008FA782 /* LaunchScreen.xib in Resources */ = {isa = PBXBuildFile; fileRef = 607FACDE1AFB9204008FA782 /* LaunchScreen.xib */; };
		91A853789841AD2F4CB65480 /* Pods_RxAlamoRecord_Example.framework in Frameworks */ = {isa = PBXBuildFile; fileRef = 8C6610712FFD2762FF022FDB /* Pods_RxAlamoRecord_Example.framework */; };
/* End PBXBuildFile section */

/* Begin PBXContainerItemProxy section */
		5CAE0FB021211A5A002C9E3D /* PBXContainerItemProxy */ = {
			isa = PBXContainerItemProxy;
			containerPortal = 607FACC81AFB9204008FA782 /* Project object */;
			proxyType = 1;
			remoteGlobalIDString = 607FACCF1AFB9204008FA782;
			remoteInfo = RxAlamoRecord_Example;
		};
/* End PBXContainerItemProxy section */

/* Begin PBXFileReference section */
		0266108291AD24ED6B96CF43 /* Pods_Tests.framework */ = {isa = PBXFileReference; explicitFileType = wrapper.framework; includeInIndex = 0; path = Pods_Tests.framework; sourceTree = BUILT_PRODUCTS_DIR; };
		03AACC943B161D20B8C21BC9 /* Pods-RxAlamoRecord_Tests.debug.xcconfig */ = {isa = PBXFileReference; includeInIndex = 1; lastKnownFileType = text.xcconfig; name = "Pods-RxAlamoRecord_Tests.debug.xcconfig"; path = "Pods/Target Support Files/Pods-RxAlamoRecord_Tests/Pods-RxAlamoRecord_Tests.debug.xcconfig"; sourceTree = "<group>"; };
		04FF8C6A3A1D666922067E9A /* Pods-RxAlamoRecordTests.release.xcconfig */ = {isa = PBXFileReference; includeInIndex = 1; lastKnownFileType = text.xcconfig; name = "Pods-RxAlamoRecordTests.release.xcconfig"; path = "Pods/Target Support Files/Pods-RxAlamoRecordTests/Pods-RxAlamoRecordTests.release.xcconfig"; sourceTree = "<group>"; };
		145838CC59F8DA4F55ECF8AC /* Pods-RxAlamoRecord_Example.debug.xcconfig */ = {isa = PBXFileReference; includeInIndex = 1; lastKnownFileType = text.xcconfig; name = "Pods-RxAlamoRecord_Example.debug.xcconfig"; path = "Pods/Target Support Files/Pods-RxAlamoRecord_Example/Pods-RxAlamoRecord_Example.debug.xcconfig"; sourceTree = "<group>"; };
		3964E347DFF04FAB1BCF1369 /* Pods-RxAlamoRecordTests.debug.xcconfig */ = {isa = PBXFileReference; includeInIndex = 1; lastKnownFileType = text.xcconfig; name = "Pods-RxAlamoRecordTests.debug.xcconfig"; path = "Pods/Target Support Files/Pods-RxAlamoRecordTests/Pods-RxAlamoRecordTests.debug.xcconfig"; sourceTree = "<group>"; };
		5C563A2C211CBFEA0099C940 /* PostCell.swift */ = {isa = PBXFileReference; fileEncoding = 4; lastKnownFileType = sourcecode.swift; path = PostCell.swift; sourceTree = "<group>"; };
		5C563A2E211CC0210099C940 /* ColorsExtension.swift */ = {isa = PBXFileReference; fileEncoding = 4; lastKnownFileType = sourcecode.swift; path = ColorsExtension.swift; sourceTree = "<group>"; };
		5C563A2F211CC0210099C940 /* BaseTableViewCell.swift */ = {isa = PBXFileReference; fileEncoding = 4; lastKnownFileType = sourcecode.swift; path = BaseTableViewCell.swift; sourceTree = "<group>"; };
		5C563A33211CC7790099C940 /* CommentsViewModel.swift */ = {isa = PBXFileReference; fileEncoding = 4; lastKnownFileType = sourcecode.swift; path = CommentsViewModel.swift; sourceTree = "<group>"; };
		5C563A34211CC7790099C940 /* CommentsView.swift */ = {isa = PBXFileReference; fileEncoding = 4; lastKnownFileType = sourcecode.swift; path = CommentsView.swift; sourceTree = "<group>"; };
		5C563A35211CC7790099C940 /* CommentCell.swift */ = {isa = PBXFileReference; fileEncoding = 4; lastKnownFileType = sourcecode.swift; path = CommentCell.swift; sourceTree = "<group>"; };
		5C563A36211CC7790099C940 /* CommentsViewController.swift */ = {isa = PBXFileReference; fileEncoding = 4; lastKnownFileType = sourcecode.swift; path = CommentsViewController.swift; sourceTree = "<group>"; };
		5C563A3B211CC80C0099C940 /* CommentsTableViewHelper.swift */ = {isa = PBXFileReference; lastKnownFileType = sourcecode.swift; path = CommentsTableViewHelper.swift; sourceTree = "<group>"; };
		5C563A3E211DCA810099C940 /* CreatePostView.swift */ = {isa = PBXFileReference; fileEncoding = 4; lastKnownFileType = sourcecode.swift; path = CreatePostView.swift; sourceTree = "<group>"; };
		5C563A3F211DCA810099C940 /* CreatePostViewController.swift */ = {isa = PBXFileReference; fileEncoding = 4; lastKnownFileType = sourcecode.swift; path = CreatePostViewController.swift; sourceTree = "<group>"; };
		5C5F9D3322090D7900B0B58B /* UploadRequestData.swift */ = {isa = PBXFileReference; fileEncoding = 4; lastKnownFileType = sourcecode.swift; name = UploadRequestData.swift; path = ../../RxAlamoRecord/Classes/UploadRequestData.swift; sourceTree = "<group>"; };
		5C5F9D3622090D9800B0B58B /* RequestManagerUploadRequestData.swift */ = {isa = PBXFileReference; fileEncoding = 4; lastKnownFileType = sourcecode.swift; name = RequestManagerUploadRequestData.swift; path = "../../RxAlamoRecord/Classes/RequestManager Data Classes/RequestManagerUploadRequestData.swift"; sourceTree = "<group>"; };
		5C6F4022211A1584001B99A4 /* BaseRequestData.swift */ = {isa = PBXFileReference; fileEncoding = 4; lastKnownFileType = sourcecode.swift; name = BaseRequestData.swift; path = ../../RxAlamoRecord/Classes/BaseRequestData.swift; sourceTree = "<group>"; };
		5C6F4024211A1590001B99A4 /* FindRequestData.swift */ = {isa = PBXFileReference; fileEncoding = 4; lastKnownFileType = sourcecode.swift; name = FindRequestData.swift; path = "../../RxAlamoRecord/Classes/AlamoRecordObject Data Classes/FindRequestData.swift"; sourceTree = "<group>"; };
		5C6F4025211A1590001B99A4 /* AlamoRecordObjectRequestData.swift */ = {isa = PBXFileReference; fileEncoding = 4; lastKnownFileType = sourcecode.swift; name = AlamoRecordObjectRequestData.swift; path = "../../RxAlamoRecord/Classes/AlamoRecordObject Data Classes/AlamoRecordObjectRequestData.swift"; sourceTree = "<group>"; };
		5C6F4026211A1590001B99A4 /* AllRequestData.swift */ = {isa = PBXFileReference; fileEncoding = 4; lastKnownFileType = sourcecode.swift; name = AllRequestData.swift; path = "../../RxAlamoRecord/Classes/AlamoRecordObject Data Classes/AllRequestData.swift"; sourceTree = "<group>"; };
		5C6F4027211A1590001B99A4 /* DestroyRequestData.swift */ = {isa = PBXFileReference; fileEncoding = 4; lastKnownFileType = sourcecode.swift; name = DestroyRequestData.swift; path = "../../RxAlamoRecord/Classes/AlamoRecordObject Data Classes/DestroyRequestData.swift"; sourceTree = "<group>"; };
		5C6F4028211A1590001B99A4 /* UpdateRequestData.swift */ = {isa = PBXFileReference; fileEncoding = 4; lastKnownFileType = sourcecode.swift; name = UpdateRequestData.swift; path = "../../RxAlamoRecord/Classes/AlamoRecordObject Data Classes/UpdateRequestData.swift"; sourceTree = "<group>"; };
		5C6F4029211A1590001B99A4 /* CreateRequestData.swift */ = {isa = PBXFileReference; fileEncoding = 4; lastKnownFileType = sourcecode.swift; name = CreateRequestData.swift; path = "../../RxAlamoRecord/Classes/AlamoRecordObject Data Classes/CreateRequestData.swift"; sourceTree = "<group>"; };
		5C6F4034211A15A0001B99A4 /* RequestManagerMakeRequestData.swift */ = {isa = PBXFileReference; fileEncoding = 4; lastKnownFileType = sourcecode.swift; name = RequestManagerMakeRequestData.swift; path = "../../RxAlamoRecord/Classes/RequestManager Data Classes/RequestManagerMakeRequestData.swift"; sourceTree = "<group>"; };
		5C6F4035211A15A1001B99A4 /* RequestManagerMapObjectsRequestData.swift */ = {isa = PBXFileReference; fileEncoding = 4; lastKnownFileType = sourcecode.swift; name = RequestManagerMapObjectsRequestData.swift; path = "../../RxAlamoRecord/Classes/RequestManager Data Classes/RequestManagerMapObjectsRequestData.swift"; sourceTree = "<group>"; };
		5C6F4036211A15A1001B99A4 /* RequestManagerMapObjectRequestData.swift */ = {isa = PBXFileReference; fileEncoding = 4; lastKnownFileType = sourcecode.swift; name = RequestManagerMapObjectRequestData.swift; path = "../../RxAlamoRecord/Classes/RequestManager Data Classes/RequestManagerMapObjectRequestData.swift"; sourceTree = "<group>"; };
		5C6F4037211A15A1001B99A4 /* RequestManagerRequestData.swift */ = {isa = PBXFileReference; fileEncoding = 4; lastKnownFileType = sourcecode.swift; name = RequestManagerRequestData.swift; path = "../../RxAlamoRecord/Classes/RequestManager Data Classes/RequestManagerRequestData.swift"; sourceTree = "<group>"; };
		5C8A21BD211B6B8900FA05FF /* AlamoRecordRelay.swift */ = {isa = PBXFileReference; fileEncoding = 4; lastKnownFileType = sourcecode.swift; name = AlamoRecordRelay.swift; path = ../../RxAlamoRecord/Classes/AlamoRecordRelay.swift; sourceTree = "<group>"; };
		5C8A21BF211B6C5C00FA05FF /* ObservableTypeExtension.swift */ = {isa = PBXFileReference; fileEncoding = 4; lastKnownFileType = sourcecode.swift; path = ObservableTypeExtension.swift; sourceTree = "<group>"; };
		5C8A21C2211CBE5200FA05FF /* PostsViewModel.swift */ = {isa = PBXFileReference; lastKnownFileType = sourcecode.swift; path = PostsViewModel.swift; sourceTree = "<group>"; };
		5C8A21C4211CBE5C00FA05FF /* PostsView.swift */ = {isa = PBXFileReference; lastKnownFileType = sourcecode.swift; path = PostsView.swift; sourceTree = "<group>"; };
		5C8A21C6211CBE6900FA05FF /* PostsViewController.swift */ = {isa = PBXFileReference; lastKnownFileType = sourcecode.swift; path = PostsViewController.swift; sourceTree = "<group>"; };
		5C8A21C8211CBEDE00FA05FF /* PostsTableViewHelper.swift */ = {isa = PBXFileReference; lastKnownFileType = sourcecode.swift; path = PostsTableViewHelper.swift; sourceTree = "<group>"; };
		5CAE0FAB21211A5A002C9E3D /* RxAlamoRecordTests.xctest */ = {isa = PBXFileReference; explicitFileType = wrapper.cfbundle; includeInIndex = 0; path = RxAlamoRecordTests.xctest; sourceTree = BUILT_PRODUCTS_DIR; };
		5CAE0FAD21211A5A002C9E3D /* RxAlamoRecordTests.swift */ = {isa = PBXFileReference; lastKnownFileType = sourcecode.swift; path = RxAlamoRecordTests.swift; sourceTree = "<group>"; };
		5CAE0FAF21211A5A002C9E3D /* Info.plist */ = {isa = PBXFileReference; lastKnownFileType = text.plist.xml; path = Info.plist; sourceTree = "<group>"; };
		5CE6B0CF211A9E9B001335BB /* RequestManagerExtension.swift */ = {isa = PBXFileReference; fileEncoding = 4; lastKnownFileType = sourcecode.swift; path = RequestManagerExtension.swift; sourceTree = "<group>"; };
		5CE6B0D0211A9E9C001335BB /* AlamoRecordObjectExtension.swift */ = {isa = PBXFileReference; fileEncoding = 4; lastKnownFileType = sourcecode.swift; path = AlamoRecordObjectExtension.swift; sourceTree = "<group>"; };
		5CF1D1BB2117F4EF00878616 /* ApplicationError.swift */ = {isa = PBXFileReference; fileEncoding = 4; lastKnownFileType = sourcecode.swift; path = ApplicationError.swift; sourceTree = "<group>"; };
		5CF1D1BC2117F4EF00878616 /* ApplicationURL.swift */ = {isa = PBXFileReference; fileEncoding = 4; lastKnownFileType = sourcecode.swift; path = ApplicationURL.swift; sourceTree = "<group>"; };
		5CF1D1BD2117F4F000878616 /* ApplicationRequestManager.swift */ = {isa = PBXFileReference; fileEncoding = 4; lastKnownFileType = sourcecode.swift; path = ApplicationRequestManager.swift; sourceTree = "<group>"; };
		5CF1D1C52117F51800878616 /* Post.swift */ = {isa = PBXFileReference; fileEncoding = 4; lastKnownFileType = sourcecode.swift; path = Post.swift; sourceTree = "<group>"; };
		5CF1D1C82117F52900878616 /* Comment.swift */ = {isa = PBXFileReference; fileEncoding = 4; lastKnownFileType = sourcecode.swift; path = Comment.swift; sourceTree = "<group>"; };
		5CF1D1D92117FF7E00878616 /* ApplicationObject.swift */ = {isa = PBXFileReference; lastKnownFileType = sourcecode.swift; path = ApplicationObject.swift; sourceTree = "<group>"; };
		607FACD01AFB9204008FA782 /* RxAlamoRecord_Example.app */ = {isa = PBXFileReference; explicitFileType = wrapper.application; includeInIndex = 0; path = RxAlamoRecord_Example.app; sourceTree = BUILT_PRODUCTS_DIR; };
		607FACD41AFB9204008FA782 /* Info.plist */ = {isa = PBXFileReference; lastKnownFileType = text.plist.xml; path = Info.plist; sourceTree = "<group>"; };
		607FACD51AFB9204008FA782 /* AppDelegate.swift */ = {isa = PBXFileReference; lastKnownFileType = sourcecode.swift; path = AppDelegate.swift; sourceTree = "<group>"; };
		607FACDC1AFB9204008FA782 /* Images.xcassets */ = {isa = PBXFileReference; lastKnownFileType = folder.assetcatalog; path = Images.xcassets; sourceTree = "<group>"; };
		607FACDF1AFB9204008FA782 /* Base */ = {isa = PBXFileReference; lastKnownFileType = file.xib; name = Base; path = Base.lproj/LaunchScreen.xib; sourceTree = "<group>"; };
		709E8B51A0FA6D649A1621A1 /* Pods_RxAlamoRecordTests.framework */ = {isa = PBXFileReference; explicitFileType = wrapper.framework; includeInIndex = 0; path = Pods_RxAlamoRecordTests.framework; sourceTree = BUILT_PRODUCTS_DIR; };
		72B9309F5AD98FA40529C7C7 /* RxAlamoRecord.podspec */ = {isa = PBXFileReference; includeInIndex = 1; lastKnownFileType = text; name = RxAlamoRecord.podspec; path = ../RxAlamoRecord.podspec; sourceTree = "<group>"; };
		8C6610712FFD2762FF022FDB /* Pods_RxAlamoRecord_Example.framework */ = {isa = PBXFileReference; explicitFileType = wrapper.framework; includeInIndex = 0; path = Pods_RxAlamoRecord_Example.framework; sourceTree = BUILT_PRODUCTS_DIR; };
		935AADFB2B0B568B058DEEE5 /* Pods_RxAlamoRecord_Tests.framework */ = {isa = PBXFileReference; explicitFileType = wrapper.framework; includeInIndex = 0; path = Pods_RxAlamoRecord_Tests.framework; sourceTree = BUILT_PRODUCTS_DIR; };
		B0233EC3EBC24671DBD4F49D /* Pods-Tests.debug.xcconfig */ = {isa = PBXFileReference; includeInIndex = 1; lastKnownFileType = text.xcconfig; name = "Pods-Tests.debug.xcconfig"; path = "Pods/Target Support Files/Pods-Tests/Pods-Tests.debug.xcconfig"; sourceTree = "<group>"; };
		C5093785C88C0980EAAA85C8 /* LICENSE */ = {isa = PBXFileReference; includeInIndex = 1; lastKnownFileType = text; name = LICENSE; path = ../LICENSE; sourceTree = "<group>"; };
		C97645BB0CCD718827C1CA56 /* Pods-Tests.release.xcconfig */ = {isa = PBXFileReference; includeInIndex = 1; lastKnownFileType = text.xcconfig; name = "Pods-Tests.release.xcconfig"; path = "Pods/Target Support Files/Pods-Tests/Pods-Tests.release.xcconfig"; sourceTree = "<group>"; };
		CF57EB786A704CF83BD5134A /* Pods-RxAlamoRecord_Example.release.xcconfig */ = {isa = PBXFileReference; includeInIndex = 1; lastKnownFileType = text.xcconfig; name = "Pods-RxAlamoRecord_Example.release.xcconfig"; path = "Pods/Target Support Files/Pods-RxAlamoRecord_Example/Pods-RxAlamoRecord_Example.release.xcconfig"; sourceTree = "<group>"; };
		DB234FD1D4D4853F5845A9B5 /* README.md */ = {isa = PBXFileReference; includeInIndex = 1; lastKnownFileType = net.daringfireball.markdown; name = README.md; path = ../README.md; sourceTree = "<group>"; };
		FCCC12A50BEF133AF9FC4027 /* Pods-RxAlamoRecord_Tests.release.xcconfig */ = {isa = PBXFileReference; includeInIndex = 1; lastKnownFileType = text.xcconfig; name = "Pods-RxAlamoRecord_Tests.release.xcconfig"; path = "Pods/Target Support Files/Pods-RxAlamoRecord_Tests/Pods-RxAlamoRecord_Tests.release.xcconfig"; sourceTree = "<group>"; };
/* End PBXFileReference section */

/* Begin PBXFrameworksBuildPhase section */
		5CAE0FA821211A5A002C9E3D /* Frameworks */ = {
			isa = PBXFrameworksBuildPhase;
			buildActionMask = 2147483647;
			files = (
				573BFEF56B9FBB9A7E363AF1 /* Pods_RxAlamoRecordTests.framework in Frameworks */,
			);
			runOnlyForDeploymentPostprocessing = 0;
		};
		607FACCD1AFB9204008FA782 /* Frameworks */ = {
			isa = PBXFrameworksBuildPhase;
			buildActionMask = 2147483647;
			files = (
				91A853789841AD2F4CB65480 /* Pods_RxAlamoRecord_Example.framework in Frameworks */,
			);
			runOnlyForDeploymentPostprocessing = 0;
		};
/* End PBXFrameworksBuildPhase section */

/* Begin PBXGroup section */
		5C563A32211CC75C0099C940 /* Comments */ = {
			isa = PBXGroup;
			children = (
				5C563A33211CC7790099C940 /* CommentsViewModel.swift */,
				5C563A3B211CC80C0099C940 /* CommentsTableViewHelper.swift */,
				5C563A34211CC7790099C940 /* CommentsView.swift */,
				5C563A35211CC7790099C940 /* CommentCell.swift */,
				5C563A36211CC7790099C940 /* CommentsViewController.swift */,
			);
			name = Comments;
			sourceTree = "<group>";
		};
		5C563A3D211DCA6D0099C940 /* Create Post */ = {
			isa = PBXGroup;
			children = (
				5C563A3E211DCA810099C940 /* CreatePostView.swift */,
				5C563A3F211DCA810099C940 /* CreatePostViewController.swift */,
			);
			name = "Create Post";
			sourceTree = "<group>";
		};
		5C6F3FFB2119EA7E001B99A4 /* AlamoRecordObject Data Classes */ = {
			isa = PBXGroup;
			children = (
				5C6F4025211A1590001B99A4 /* AlamoRecordObjectRequestData.swift */,
				5C6F4026211A1590001B99A4 /* AllRequestData.swift */,
				5C6F4029211A1590001B99A4 /* CreateRequestData.swift */,
				5C6F4027211A1590001B99A4 /* DestroyRequestData.swift */,
				5C6F4024211A1590001B99A4 /* FindRequestData.swift */,
				5C6F4028211A1590001B99A4 /* UpdateRequestData.swift */,
			);
			name = "AlamoRecordObject Data Classes";
			sourceTree = "<group>";
		};
		5C6F3FFC2119EA87001B99A4 /* Extensions */ = {
			isa = PBXGroup;
			children = (
				5CE6B0D0211A9E9C001335BB /* AlamoRecordObjectExtension.swift */,
				5C8A21BF211B6C5C00FA05FF /* ObservableTypeExtension.swift */,
				5CE6B0CF211A9E9B001335BB /* RequestManagerExtension.swift */,
			);
			name = Extensions;
			path = ../../RxAlamoRecord/Classes/Extensions;
			sourceTree = "<group>";
		};
		5C6F3FFD2119EA8B001B99A4 /* RequestManager Data Classes */ = {
			isa = PBXGroup;
			children = (
				5C6F4034211A15A0001B99A4 /* RequestManagerMakeRequestData.swift */,
				5C6F4036211A15A1001B99A4 /* RequestManagerMapObjectRequestData.swift */,
				5C6F4035211A15A1001B99A4 /* RequestManagerMapObjectsRequestData.swift */,
				5C6F4037211A15A1001B99A4 /* RequestManagerRequestData.swift */,
				5C5F9D3622090D9800B0B58B /* RequestManagerUploadRequestData.swift */,
			);
			name = "RequestManager Data Classes";
			sourceTree = "<group>";
		};
		5C8A21C1211CBE4100FA05FF /* Posts */ = {
			isa = PBXGroup;
			children = (
				5C8A21C8211CBEDE00FA05FF /* PostsTableViewHelper.swift */,
				5C8A21C2211CBE5200FA05FF /* PostsViewModel.swift */,
				5C8A21C4211CBE5C00FA05FF /* PostsView.swift */,
				5C563A2C211CBFEA0099C940 /* PostCell.swift */,
				5C8A21C6211CBE6900FA05FF /* PostsViewController.swift */,
			);
			name = Posts;
			sourceTree = "<group>";
		};
		5CAE0FAC21211A5A002C9E3D /* RxAlamoRecordTests */ = {
			isa = PBXGroup;
			children = (
				5CAE0FAD21211A5A002C9E3D /* RxAlamoRecordTests.swift */,
				5CAE0FAF21211A5A002C9E3D /* Info.plist */,
			);
			path = RxAlamoRecordTests;
			sourceTree = "<group>";
		};
		5CF1D1BA2117F4D600878616 /* Networking */ = {
			isa = PBXGroup;
			children = (
				5CF1D1BB2117F4EF00878616 /* ApplicationError.swift */,
				5CF1D1BD2117F4F000878616 /* ApplicationRequestManager.swift */,
				5CF1D1BC2117F4EF00878616 /* ApplicationURL.swift */,
			);
			name = Networking;
			sourceTree = "<group>";
		};
		5CF1D1C42117F4F600878616 /* Data Objects */ = {
			isa = PBXGroup;
			children = (
				5CF1D1D92117FF7E00878616 /* ApplicationObject.swift */,
				5CF1D1C82117F52900878616 /* Comment.swift */,
				5CF1D1C52117F51800878616 /* Post.swift */,
			);
			name = "Data Objects";
			sourceTree = "<group>";
		};
		5CF1D1CB2117F5B100878616 /* Source */ = {
			isa = PBXGroup;
			children = (
				5C8A21BD211B6B8900FA05FF /* AlamoRecordRelay.swift */,
				5C6F4022211A1584001B99A4 /* BaseRequestData.swift */,
				5C5F9D3322090D7900B0B58B /* UploadRequestData.swift */,
				5C6F3FFB2119EA7E001B99A4 /* AlamoRecordObject Data Classes */,
				5C6F3FFC2119EA87001B99A4 /* Extensions */,
				5C6F3FFD2119EA8B001B99A4 /* RequestManager Data Classes */,
			);
			name = Source;
			sourceTree = "<group>";
		};
		607FACC71AFB9204008FA782 = {
			isa = PBXGroup;
			children = (
				607FACF51AFB993E008FA782 /* Podspec Metadata */,
				607FACD21AFB9204008FA782 /* Example for RxAlamoRecord */,
				5CAE0FAC21211A5A002C9E3D /* RxAlamoRecordTests */,
				607FACD11AFB9204008FA782 /* Products */,
				A9DBAF2ABB359842995DFEBE /* Pods */,
				D09AD801671B91E03EAF05B0 /* Frameworks */,
			);
			sourceTree = "<group>";
		};
		607FACD11AFB9204008FA782 /* Products */ = {
			isa = PBXGroup;
			children = (
				607FACD01AFB9204008FA782 /* RxAlamoRecord_Example.app */,
				5CAE0FAB21211A5A002C9E3D /* RxAlamoRecordTests.xctest */,
			);
			name = Products;
			sourceTree = "<group>";
		};
		607FACD21AFB9204008FA782 /* Example for RxAlamoRecord */ = {
			isa = PBXGroup;
			children = (
				5C563A3D211DCA6D0099C940 /* Create Post */,
				5C563A32211CC75C0099C940 /* Comments */,
				5C563A2F211CC0210099C940 /* BaseTableViewCell.swift */,
				5C563A2E211CC0210099C940 /* ColorsExtension.swift */,
				607FACD51AFB9204008FA782 /* AppDelegate.swift */,
				5CF1D1C42117F4F600878616 /* Data Objects */,
				607FACDC1AFB9204008FA782 /* Images.xcassets */,
				607FACDE1AFB9204008FA782 /* LaunchScreen.xib */,
				5CF1D1BA2117F4D600878616 /* Networking */,
				5C8A21C1211CBE4100FA05FF /* Posts */,
				5CF1D1CB2117F5B100878616 /* Source */,
				607FACD31AFB9204008FA782 /* Supporting Files */,
			);
			name = "Example for RxAlamoRecord";
			path = RxAlamoRecord;
			sourceTree = "<group>";
		};
		607FACD31AFB9204008FA782 /* Supporting Files */ = {
			isa = PBXGroup;
			children = (
				607FACD41AFB9204008FA782 /* Info.plist */,
			);
			name = "Supporting Files";
			sourceTree = "<group>";
		};
		607FACF51AFB993E008FA782 /* Podspec Metadata */ = {
			isa = PBXGroup;
			children = (
				72B9309F5AD98FA40529C7C7 /* RxAlamoRecord.podspec */,
				DB234FD1D4D4853F5845A9B5 /* README.md */,
				C5093785C88C0980EAAA85C8 /* LICENSE */,
			);
			name = "Podspec Metadata";
			sourceTree = "<group>";
		};
		A9DBAF2ABB359842995DFEBE /* Pods */ = {
			isa = PBXGroup;
			children = (
				145838CC59F8DA4F55ECF8AC /* Pods-RxAlamoRecord_Example.debug.xcconfig */,
				CF57EB786A704CF83BD5134A /* Pods-RxAlamoRecord_Example.release.xcconfig */,
				03AACC943B161D20B8C21BC9 /* Pods-RxAlamoRecord_Tests.debug.xcconfig */,
				FCCC12A50BEF133AF9FC4027 /* Pods-RxAlamoRecord_Tests.release.xcconfig */,
				B0233EC3EBC24671DBD4F49D /* Pods-Tests.debug.xcconfig */,
				C97645BB0CCD718827C1CA56 /* Pods-Tests.release.xcconfig */,
				3964E347DFF04FAB1BCF1369 /* Pods-RxAlamoRecordTests.debug.xcconfig */,
				04FF8C6A3A1D666922067E9A /* Pods-RxAlamoRecordTests.release.xcconfig */,
			);
			name = Pods;
			sourceTree = "<group>";
		};
		D09AD801671B91E03EAF05B0 /* Frameworks */ = {
			isa = PBXGroup;
			children = (
				8C6610712FFD2762FF022FDB /* Pods_RxAlamoRecord_Example.framework */,
				935AADFB2B0B568B058DEEE5 /* Pods_RxAlamoRecord_Tests.framework */,
				0266108291AD24ED6B96CF43 /* Pods_Tests.framework */,
				709E8B51A0FA6D649A1621A1 /* Pods_RxAlamoRecordTests.framework */,
			);
			name = Frameworks;
			sourceTree = "<group>";
		};
/* End PBXGroup section */

/* Begin PBXNativeTarget section */
		5CAE0FAA21211A5A002C9E3D /* RxAlamoRecordTests */ = {
			isa = PBXNativeTarget;
			buildConfigurationList = 5CAE0FB221211A5A002C9E3D /* Build configuration list for PBXNativeTarget "RxAlamoRecordTests" */;
			buildPhases = (
				06AFABD55E4F260E05AAB628 /* [CP] Check Pods Manifest.lock */,
				5CAE0FA721211A5A002C9E3D /* Sources */,
				5CAE0FA821211A5A002C9E3D /* Frameworks */,
				5CAE0FA921211A5A002C9E3D /* Resources */,
				0F3EB4597E7FDE67038896D7 /* [CP] Embed Pods Frameworks */,
			);
			buildRules = (
			);
			dependencies = (
				5CAE0FB121211A5A002C9E3D /* PBXTargetDependency */,
			);
			name = RxAlamoRecordTests;
			productName = RxAlamoRecordTests;
			productReference = 5CAE0FAB21211A5A002C9E3D /* RxAlamoRecordTests.xctest */;
			productType = "com.apple.product-type.bundle.unit-test";
		};
		607FACCF1AFB9204008FA782 /* RxAlamoRecord_Example */ = {
			isa = PBXNativeTarget;
			buildConfigurationList = 607FACEF1AFB9204008FA782 /* Build configuration list for PBXNativeTarget "RxAlamoRecord_Example" */;
			buildPhases = (
				D4BB2F2A2DA6DBEFE9B89517 /* [CP] Check Pods Manifest.lock */,
				607FACCC1AFB9204008FA782 /* Sources */,
				607FACCD1AFB9204008FA782 /* Frameworks */,
				607FACCE1AFB9204008FA782 /* Resources */,
				78446F5F68BD500825F44308 /* [CP] Embed Pods Frameworks */,
			);
			buildRules = (
			);
			dependencies = (
			);
			name = RxAlamoRecord_Example;
			productName = RxAlamoRecord;
			productReference = 607FACD01AFB9204008FA782 /* RxAlamoRecord_Example.app */;
			productType = "com.apple.product-type.application";
		};
/* End PBXNativeTarget section */

/* Begin PBXProject section */
		607FACC81AFB9204008FA782 /* Project object */ = {
			isa = PBXProject;
			attributes = {
				LastSwiftUpdateCheck = 0920;
				LastUpgradeCheck = 1020;
				ORGANIZATIONNAME = CocoaPods;
				TargetAttributes = {
					5CAE0FAA21211A5A002C9E3D = {
						CreatedOnToolsVersion = 9.2;
						DevelopmentTeam = S4K2Q6TV87;
						ProvisioningStyle = Automatic;
						TestTargetID = 607FACCF1AFB9204008FA782;
					};
					607FACCF1AFB9204008FA782 = {
						CreatedOnToolsVersion = 6.3.1;
						LastSwiftMigration = 1000;
					};
				};
			};
			buildConfigurationList = 607FACCB1AFB9204008FA782 /* Build configuration list for PBXProject "RxAlamoRecord" */;
			compatibilityVersion = "Xcode 3.2";
			developmentRegion = English;
			hasScannedForEncodings = 0;
			knownRegions = (
				English,
				en,
				Base,
			);
			mainGroup = 607FACC71AFB9204008FA782;
			productRefGroup = 607FACD11AFB9204008FA782 /* Products */;
			projectDirPath = "";
			projectRoot = "";
			targets = (
				607FACCF1AFB9204008FA782 /* RxAlamoRecord_Example */,
				5CAE0FAA21211A5A002C9E3D /* RxAlamoRecordTests */,
			);
		};
/* End PBXProject section */

/* Begin PBXResourcesBuildPhase section */
		5CAE0FA921211A5A002C9E3D /* Resources */ = {
			isa = PBXResourcesBuildPhase;
			buildActionMask = 2147483647;
			files = (
			);
			runOnlyForDeploymentPostprocessing = 0;
		};
		607FACCE1AFB9204008FA782 /* Resources */ = {
			isa = PBXResourcesBuildPhase;
			buildActionMask = 2147483647;
			files = (
				607FACE01AFB9204008FA782 /* LaunchScreen.xib in Resources */,
				607FACDD1AFB9204008FA782 /* Images.xcassets in Resources */,
			);
			runOnlyForDeploymentPostprocessing = 0;
		};
/* End PBXResourcesBuildPhase section */

/* Begin PBXShellScriptBuildPhase section */
		06AFABD55E4F260E05AAB628 /* [CP] Check Pods Manifest.lock */ = {
			isa = PBXShellScriptBuildPhase;
			buildActionMask = 2147483647;
			files = (
			);
			inputFileListPaths = (
			);
			inputPaths = (
				"${PODS_PODFILE_DIR_PATH}/Podfile.lock",
				"${PODS_ROOT}/Manifest.lock",
			);
			name = "[CP] Check Pods Manifest.lock";
			outputFileListPaths = (
			);
			outputPaths = (
				"$(DERIVED_FILE_DIR)/Pods-RxAlamoRecordTests-checkManifestLockResult.txt",
			);
			runOnlyForDeploymentPostprocessing = 0;
			shellPath = /bin/sh;
			shellScript = "diff \"${PODS_PODFILE_DIR_PATH}/Podfile.lock\" \"${PODS_ROOT}/Manifest.lock\" > /dev/null\nif [ $? != 0 ] ; then\n    # print error to STDERR\n    echo \"error: The sandbox is not in sync with the Podfile.lock. Run 'pod install' or update your CocoaPods installation.\" >&2\n    exit 1\nfi\n# This output is used by Xcode 'outputs' to avoid re-running this script phase.\necho \"SUCCESS\" > \"${SCRIPT_OUTPUT_FILE_0}\"\n";
			showEnvVarsInLog = 0;
		};
		0F3EB4597E7FDE67038896D7 /* [CP] Embed Pods Frameworks */ = {
			isa = PBXShellScriptBuildPhase;
			buildActionMask = 2147483647;
			files = (
			);
			inputPaths = (
				"${PODS_ROOT}/Target Support Files/Pods-RxAlamoRecordTests/Pods-RxAlamoRecordTests-frameworks.sh",
				"${BUILT_PRODUCTS_DIR}/Action/Action.framework",
				"${BUILT_PRODUCTS_DIR}/AlamoRecord/AlamoRecord.framework",
				"${BUILT_PRODUCTS_DIR}/Alamofire/Alamofire.framework",
				"${BUILT_PRODUCTS_DIR}/RxAlamoRecord/RxAlamoRecord.framework",
				"${BUILT_PRODUCTS_DIR}/RxCocoa/RxCocoa.framework",
				"${BUILT_PRODUCTS_DIR}/RxRelay/RxRelay.framework",
				"${BUILT_PRODUCTS_DIR}/RxSwift/RxSwift.framework",
			);
			name = "[CP] Embed Pods Frameworks";
			outputPaths = (
				"${TARGET_BUILD_DIR}/${FRAMEWORKS_FOLDER_PATH}/Action.framework",
				"${TARGET_BUILD_DIR}/${FRAMEWORKS_FOLDER_PATH}/AlamoRecord.framework",
				"${TARGET_BUILD_DIR}/${FRAMEWORKS_FOLDER_PATH}/Alamofire.framework",
				"${TARGET_BUILD_DIR}/${FRAMEWORKS_FOLDER_PATH}/RxAlamoRecord.framework",
				"${TARGET_BUILD_DIR}/${FRAMEWORKS_FOLDER_PATH}/RxCocoa.framework",
				"${TARGET_BUILD_DIR}/${FRAMEWORKS_FOLDER_PATH}/RxRelay.framework",
				"${TARGET_BUILD_DIR}/${FRAMEWORKS_FOLDER_PATH}/RxSwift.framework",
			);
			runOnlyForDeploymentPostprocessing = 0;
			shellPath = /bin/sh;
			shellScript = "\"${PODS_ROOT}/Target Support Files/Pods-RxAlamoRecordTests/Pods-RxAlamoRecordTests-frameworks.sh\"\n";
			showEnvVarsInLog = 0;
		};
		78446F5F68BD500825F44308 /* [CP] Embed Pods Frameworks */ = {
			isa = PBXShellScriptBuildPhase;
			buildActionMask = 2147483647;
			files = (
			);
			inputPaths = (
				"${PODS_ROOT}/Target Support Files/Pods-RxAlamoRecord_Example/Pods-RxAlamoRecord_Example-frameworks.sh",
				"${BUILT_PRODUCTS_DIR}/Action/Action.framework",
				"${BUILT_PRODUCTS_DIR}/AlamoRecord/AlamoRecord.framework",
				"${BUILT_PRODUCTS_DIR}/Alamofire/Alamofire.framework",
				"${BUILT_PRODUCTS_DIR}/KeyboardSpy/KeyboardSpy.framework",
				"${BUILT_PRODUCTS_DIR}/MarqueeLabel/MarqueeLabel.framework",
				"${BUILT_PRODUCTS_DIR}/NotificationBannerSwift/NotificationBannerSwift.framework",
				"${BUILT_PRODUCTS_DIR}/RxAlamoRecord/RxAlamoRecord.framework",
				"${BUILT_PRODUCTS_DIR}/RxCocoa/RxCocoa.framework",
				"${BUILT_PRODUCTS_DIR}/RxRelay/RxRelay.framework",
				"${BUILT_PRODUCTS_DIR}/RxSwift/RxSwift.framework",
				"${BUILT_PRODUCTS_DIR}/SnapKit/SnapKit.framework",
			);
			name = "[CP] Embed Pods Frameworks";
			outputPaths = (
				"${TARGET_BUILD_DIR}/${FRAMEWORKS_FOLDER_PATH}/Action.framework",
				"${TARGET_BUILD_DIR}/${FRAMEWORKS_FOLDER_PATH}/AlamoRecord.framework",
				"${TARGET_BUILD_DIR}/${FRAMEWORKS_FOLDER_PATH}/Alamofire.framework",
				"${TARGET_BUILD_DIR}/${FRAMEWORKS_FOLDER_PATH}/KeyboardSpy.framework",
				"${TARGET_BUILD_DIR}/${FRAMEWORKS_FOLDER_PATH}/MarqueeLabel.framework",
				"${TARGET_BUILD_DIR}/${FRAMEWORKS_FOLDER_PATH}/NotificationBannerSwift.framework",
				"${TARGET_BUILD_DIR}/${FRAMEWORKS_FOLDER_PATH}/RxAlamoRecord.framework",
				"${TARGET_BUILD_DIR}/${FRAMEWORKS_FOLDER_PATH}/RxCocoa.framework",
				"${TARGET_BUILD_DIR}/${FRAMEWORKS_FOLDER_PATH}/RxRelay.framework",
				"${TARGET_BUILD_DIR}/${FRAMEWORKS_FOLDER_PATH}/RxSwift.framework",
				"${TARGET_BUILD_DIR}/${FRAMEWORKS_FOLDER_PATH}/SnapKit.framework",
			);
			runOnlyForDeploymentPostprocessing = 0;
			shellPath = /bin/sh;
			shellScript = "\"${PODS_ROOT}/Target Support Files/Pods-RxAlamoRecord_Example/Pods-RxAlamoRecord_Example-frameworks.sh\"\n";
			showEnvVarsInLog = 0;
		};
		D4BB2F2A2DA6DBEFE9B89517 /* [CP] Check Pods Manifest.lock */ = {
			isa = PBXShellScriptBuildPhase;
			buildActionMask = 2147483647;
			files = (
			);
			inputPaths = (
				"${PODS_PODFILE_DIR_PATH}/Podfile.lock",
				"${PODS_ROOT}/Manifest.lock",
			);
			name = "[CP] Check Pods Manifest.lock";
			outputPaths = (
				"$(DERIVED_FILE_DIR)/Pods-RxAlamoRecord_Example-checkManifestLockResult.txt",
			);
			runOnlyForDeploymentPostprocessing = 0;
			shellPath = /bin/sh;
			shellScript = "diff \"${PODS_PODFILE_DIR_PATH}/Podfile.lock\" \"${PODS_ROOT}/Manifest.lock\" > /dev/null\nif [ $? != 0 ] ; then\n    # print error to STDERR\n    echo \"error: The sandbox is not in sync with the Podfile.lock. Run 'pod install' or update your CocoaPods installation.\" >&2\n    exit 1\nfi\n# This output is used by Xcode 'outputs' to avoid re-running this script phase.\necho \"SUCCESS\" > \"${SCRIPT_OUTPUT_FILE_0}\"\n";
			showEnvVarsInLog = 0;
		};
/* End PBXShellScriptBuildPhase section */

/* Begin PBXSourcesBuildPhase section */
		5CAE0FA721211A5A002C9E3D /* Sources */ = {
			isa = PBXSourcesBuildPhase;
			buildActionMask = 2147483647;
			files = (
				5CAE0FB921211A9C002C9E3D /* ApplicationRequestManager.swift in Sources */,
				5CAE0FAE21211A5A002C9E3D /* RxAlamoRecordTests.swift in Sources */,
				5CAE0FB621211A96002C9E3D /* Comment.swift in Sources */,
				5CAE0FC521211AB7002C9E3D /* RequestManagerExtension.swift in Sources */,
				5CAE0FB521211A96002C9E3D /* ApplicationObject.swift in Sources */,
				5CAE0FB721211A96002C9E3D /* Post.swift in Sources */,
				5CAE0FBE21211AAD002C9E3D /* AllRequestData.swift in Sources */,
				5CAE0FC921211ABD002C9E3D /* RequestManagerRequestData.swift in Sources */,
				5CAE0FBA21211A9C002C9E3D /* ApplicationURL.swift in Sources */,
				5CAE0FC021211AAD002C9E3D /* DestroyRequestData.swift in Sources */,
				5CAE0FC121211AAD002C9E3D /* FindRequestData.swift in Sources */,
				5CAE0FBD21211AAD002C9E3D /* AlamoRecordObjectRequestData.swift in Sources */,
				5C5F9D3822090D9800B0B58B /* RequestManagerUploadRequestData.swift in Sources */,
				5CAE0FB821211A9C002C9E3D /* ApplicationError.swift in Sources */,
				5CAE0FBF21211AAD002C9E3D /* CreateRequestData.swift in Sources */,
				5CAE0FC321211AB7002C9E3D /* ObservableTypeExtension.swift in Sources */,
				5C5F9D3522090D7900B0B58B /* UploadRequestData.swift in Sources */,
				5CAE0FC621211ABD002C9E3D /* RequestManagerMakeRequestData.swift in Sources */,
				5CAE0FBC21211AA5002C9E3D /* BaseRequestData.swift in Sources */,
				5CAE0FBB21211AA5002C9E3D /* AlamoRecordRelay.swift in Sources */,
				5CAE0FC221211AAD002C9E3D /* UpdateRequestData.swift in Sources */,
				5CAE0FC421211AB7002C9E3D /* AlamoRecordObjectExtension.swift in Sources */,
				5CAE0FC821211ABD002C9E3D /* RequestManagerMapObjectsRequestData.swift in Sources */,
				5CAE0FC721211ABD002C9E3D /* RequestManagerMapObjectRequestData.swift in Sources */,
			);
			runOnlyForDeploymentPostprocessing = 0;
		};
		607FACCC1AFB9204008FA782 /* Sources */ = {
			isa = PBXSourcesBuildPhase;
			buildActionMask = 2147483647;
			files = (
				5C5F9D3722090D9800B0B58B /* RequestManagerUploadRequestData.swift in Sources */,
				5C6F402D211A1590001B99A4 /* DestroyRequestData.swift in Sources */,
				5C563A3C211CC80C0099C940 /* CommentsTableViewHelper.swift in Sources */,
				5C8A21C9211CBEDE00FA05FF /* PostsTableViewHelper.swift in Sources */,
				5C563A3A211CC7790099C940 /* CommentsViewController.swift in Sources */,
				5C6F402B211A1590001B99A4 /* AlamoRecordObjectRequestData.swift in Sources */,
				5C8A21C7211CBE6900FA05FF /* PostsViewController.swift in Sources */,
				5CE6B0D1211A9E9C001335BB /* RequestManagerExtension.swift in Sources */,
				5C8A21C0211B6C5C00FA05FF /* ObservableTypeExtension.swift in Sources */,
				5C563A2D211CBFEA0099C940 /* PostCell.swift in Sources */,
				607FACD61AFB9204008FA782 /* AppDelegate.swift in Sources */,
				5C563A38211CC7790099C940 /* CommentsView.swift in Sources */,
				5CF1D1DA2117FF7E00878616 /* ApplicationObject.swift in Sources */,
				5CF1D1C22117F4F000878616 /* ApplicationRequestManager.swift in Sources */,
				5C6F403B211A15A1001B99A4 /* RequestManagerRequestData.swift in Sources */,
				5C6F402A211A1590001B99A4 /* FindRequestData.swift in Sources */,
				5C563A41211DCA810099C940 /* CreatePostView.swift in Sources */,
				5C563A30211CC0210099C940 /* ColorsExtension.swift in Sources */,
				5CF1D1C92117F52900878616 /* Comment.swift in Sources */,
				5C6F402C211A1590001B99A4 /* AllRequestData.swift in Sources */,
				5C6F4039211A15A1001B99A4 /* RequestManagerMapObjectsRequestData.swift in Sources */,
				5C6F402F211A1590001B99A4 /* CreateRequestData.swift in Sources */,
				5C6F403A211A15A1001B99A4 /* RequestManagerMapObjectRequestData.swift in Sources */,
				5CF1D1C62117F51800878616 /* Post.swift in Sources */,
				5C563A37211CC7790099C940 /* CommentsViewModel.swift in Sources */,
				5CF1D1C02117F4F000878616 /* ApplicationURL.swift in Sources */,
				5C6F4038211A15A1001B99A4 /* RequestManagerMakeRequestData.swift in Sources */,
				5CE6B0D2211A9E9C001335BB /* AlamoRecordObjectExtension.swift in Sources */,
				5C8A21BE211B6B8900FA05FF /* AlamoRecordRelay.swift in Sources */,
				5C8A21C3211CBE5200FA05FF /* PostsViewModel.swift in Sources */,
				5C8A21C5211CBE5C00FA05FF /* PostsView.swift in Sources */,
				5C6F4023211A1584001B99A4 /* BaseRequestData.swift in Sources */,
				5CF1D1BE2117F4F000878616 /* ApplicationError.swift in Sources */,
				5C5F9D3422090D7900B0B58B /* UploadRequestData.swift in Sources */,
				5C563A31211CC0210099C940 /* BaseTableViewCell.swift in Sources */,
				5C6F402E211A1590001B99A4 /* UpdateRequestData.swift in Sources */,
				5C563A42211DCA810099C940 /* CreatePostViewController.swift in Sources */,
				5C563A39211CC7790099C940 /* CommentCell.swift in Sources */,
			);
			runOnlyForDeploymentPostprocessing = 0;
		};
/* End PBXSourcesBuildPhase section */

/* Begin PBXTargetDependency section */
		5CAE0FB121211A5A002C9E3D /* PBXTargetDependency */ = {
			isa = PBXTargetDependency;
			target = 607FACCF1AFB9204008FA782 /* RxAlamoRecord_Example */;
			targetProxy = 5CAE0FB021211A5A002C9E3D /* PBXContainerItemProxy */;
		};
/* End PBXTargetDependency section */

/* Begin PBXVariantGroup section */
		607FACDE1AFB9204008FA782 /* LaunchScreen.xib */ = {
			isa = PBXVariantGroup;
			children = (
				607FACDF1AFB9204008FA782 /* Base */,
			);
			name = LaunchScreen.xib;
			sourceTree = "<group>";
		};
/* End PBXVariantGroup section */

/* Begin XCBuildConfiguration section */
		5CAE0FB321211A5A002C9E3D /* Debug */ = {
			isa = XCBuildConfiguration;
			baseConfigurationReference = 3964E347DFF04FAB1BCF1369 /* Pods-RxAlamoRecordTests.debug.xcconfig */;
			buildSettings = {
				BUNDLE_LOADER = "$(TEST_HOST)";
				CLANG_ANALYZER_NONNULL = YES;
				CLANG_ANALYZER_NUMBER_OBJECT_CONVERSION = YES_AGGRESSIVE;
				CLANG_CXX_LANGUAGE_STANDARD = "gnu++14";
				CLANG_WARN_DOCUMENTATION_COMMENTS = YES;
				CLANG_WARN_UNGUARDED_AVAILABILITY = YES_AGGRESSIVE;
				CODE_SIGN_IDENTITY = "iPhone Developer";
				CODE_SIGN_STYLE = Automatic;
				DEBUG_INFORMATION_FORMAT = dwarf;
				DEVELOPMENT_TEAM = S4K2Q6TV87;
				GCC_C_LANGUAGE_STANDARD = gnu11;
				INFOPLIST_FILE = RxAlamoRecordTests/Info.plist;
				IPHONEOS_DEPLOYMENT_TARGET = 11.2;
				LD_RUNPATH_SEARCH_PATHS = "$(inherited) @executable_path/Frameworks @loader_path/Frameworks";
				PRODUCT_BUNDLE_IDENTIFIER = "com.dalton-hinterscher.RxAlamoRecordTests";
				PRODUCT_NAME = "$(TARGET_NAME)";
				SWIFT_ACTIVE_COMPILATION_CONDITIONS = DEBUG;
				SWIFT_VERSION = 5.0;
				TARGETED_DEVICE_FAMILY = "1,2";
				TEST_HOST = "$(BUILT_PRODUCTS_DIR)/RxAlamoRecord_Example.app/RxAlamoRecord_Example";
			};
			name = Debug;
		};
		5CAE0FB421211A5A002C9E3D /* Release */ = {
			isa = XCBuildConfiguration;
			baseConfigurationReference = 04FF8C6A3A1D666922067E9A /* Pods-RxAlamoRecordTests.release.xcconfig */;
			buildSettings = {
				BUNDLE_LOADER = "$(TEST_HOST)";
				CLANG_ANALYZER_NONNULL = YES;
				CLANG_ANALYZER_NUMBER_OBJECT_CONVERSION = YES_AGGRESSIVE;
				CLANG_CXX_LANGUAGE_STANDARD = "gnu++14";
				CLANG_WARN_DOCUMENTATION_COMMENTS = YES;
				CLANG_WARN_UNGUARDED_AVAILABILITY = YES_AGGRESSIVE;
				CODE_SIGN_IDENTITY = "iPhone Developer";
				CODE_SIGN_STYLE = Automatic;
				DEVELOPMENT_TEAM = S4K2Q6TV87;
				GCC_C_LANGUAGE_STANDARD = gnu11;
				INFOPLIST_FILE = RxAlamoRecordTests/Info.plist;
				IPHONEOS_DEPLOYMENT_TARGET = 11.2;
				LD_RUNPATH_SEARCH_PATHS = "$(inherited) @executable_path/Frameworks @loader_path/Frameworks";
				PRODUCT_BUNDLE_IDENTIFIER = "com.dalton-hinterscher.RxAlamoRecordTests";
				PRODUCT_NAME = "$(TARGET_NAME)";
				SWIFT_VERSION = 5.0;
				TARGETED_DEVICE_FAMILY = "1,2";
				TEST_HOST = "$(BUILT_PRODUCTS_DIR)/RxAlamoRecord_Example.app/RxAlamoRecord_Example";
			};
			name = Release;
		};
		607FACED1AFB9204008FA782 /* Debug */ = {
			isa = XCBuildConfiguration;
			buildSettings = {
				ALWAYS_SEARCH_USER_PATHS = NO;
				CLANG_ANALYZER_LOCALIZABILITY_NONLOCALIZED = YES;
				CLANG_CXX_LANGUAGE_STANDARD = "gnu++0x";
				CLANG_CXX_LIBRARY = "libc++";
				CLANG_ENABLE_MODULES = YES;
				CLANG_ENABLE_OBJC_ARC = YES;
				CLANG_WARN_BLOCK_CAPTURE_AUTORELEASING = YES;
				CLANG_WARN_BOOL_CONVERSION = YES;
				CLANG_WARN_COMMA = YES;
				CLANG_WARN_CONSTANT_CONVERSION = YES;
				CLANG_WARN_DEPRECATED_OBJC_IMPLEMENTATIONS = YES;
				CLANG_WARN_DIRECT_OBJC_ISA_USAGE = YES_ERROR;
				CLANG_WARN_EMPTY_BODY = YES;
				CLANG_WARN_ENUM_CONVERSION = YES;
				CLANG_WARN_INFINITE_RECURSION = YES;
				CLANG_WARN_INT_CONVERSION = YES;
				CLANG_WARN_NON_LITERAL_NULL_CONVERSION = YES;
				CLANG_WARN_OBJC_IMPLICIT_RETAIN_SELF = YES;
				CLANG_WARN_OBJC_LITERAL_CONVERSION = YES;
				CLANG_WARN_OBJC_ROOT_CLASS = YES_ERROR;
				CLANG_WARN_RANGE_LOOP_ANALYSIS = YES;
				CLANG_WARN_STRICT_PROTOTYPES = YES;
				CLANG_WARN_SUSPICIOUS_MOVE = YES;
				CLANG_WARN_UNREACHABLE_CODE = YES;
				CLANG_WARN__DUPLICATE_METHOD_MATCH = YES;
				"CODE_SIGN_IDENTITY[sdk=iphoneos*]" = "iPhone Developer";
				COPY_PHASE_STRIP = NO;
				DEBUG_INFORMATION_FORMAT = "dwarf-with-dsym";
				ENABLE_STRICT_OBJC_MSGSEND = YES;
				ENABLE_TESTABILITY = YES;
				GCC_C_LANGUAGE_STANDARD = gnu99;
				GCC_DYNAMIC_NO_PIC = NO;
				GCC_NO_COMMON_BLOCKS = YES;
				GCC_OPTIMIZATION_LEVEL = 0;
				GCC_PREPROCESSOR_DEFINITIONS = (
					"DEBUG=1",
					"$(inherited)",
				);
				GCC_SYMBOLS_PRIVATE_EXTERN = NO;
				GCC_WARN_64_TO_32_BIT_CONVERSION = YES;
				GCC_WARN_ABOUT_RETURN_TYPE = YES_ERROR;
				GCC_WARN_UNDECLARED_SELECTOR = YES;
				GCC_WARN_UNINITIALIZED_AUTOS = YES_AGGRESSIVE;
				GCC_WARN_UNUSED_FUNCTION = YES;
				GCC_WARN_UNUSED_VARIABLE = YES;
				IPHONEOS_DEPLOYMENT_TARGET = 9.3;
				MTL_ENABLE_DEBUG_INFO = YES;
				ONLY_ACTIVE_ARCH = YES;
				SDKROOT = iphoneos;
				SWIFT_OPTIMIZATION_LEVEL = "-Onone";
			};
			name = Debug;
		};
		607FACEE1AFB9204008FA782 /* Release */ = {
			isa = XCBuildConfiguration;
			buildSettings = {
				ALWAYS_SEARCH_USER_PATHS = NO;
				CLANG_ANALYZER_LOCALIZABILITY_NONLOCALIZED = YES;
				CLANG_CXX_LANGUAGE_STANDARD = "gnu++0x";
				CLANG_CXX_LIBRARY = "libc++";
				CLANG_ENABLE_MODULES = YES;
				CLANG_ENABLE_OBJC_ARC = YES;
				CLANG_WARN_BLOCK_CAPTURE_AUTORELEASING = YES;
				CLANG_WARN_BOOL_CONVERSION = YES;
				CLANG_WARN_COMMA = YES;
				CLANG_WARN_CONSTANT_CONVERSION = YES;
				CLANG_WARN_DEPRECATED_OBJC_IMPLEMENTATIONS = YES;
				CLANG_WARN_DIRECT_OBJC_ISA_USAGE = YES_ERROR;
				CLANG_WARN_EMPTY_BODY = YES;
				CLANG_WARN_ENUM_CONVERSION = YES;
				CLANG_WARN_INFINITE_RECURSION = YES;
				CLANG_WARN_INT_CONVERSION = YES;
				CLANG_WARN_NON_LITERAL_NULL_CONVERSION = YES;
				CLANG_WARN_OBJC_IMPLICIT_RETAIN_SELF = YES;
				CLANG_WARN_OBJC_LITERAL_CONVERSION = YES;
				CLANG_WARN_OBJC_ROOT_CLASS = YES_ERROR;
				CLANG_WARN_RANGE_LOOP_ANALYSIS = YES;
				CLANG_WARN_STRICT_PROTOTYPES = YES;
				CLANG_WARN_SUSPICIOUS_MOVE = YES;
				CLANG_WARN_UNREACHABLE_CODE = YES;
				CLANG_WARN__DUPLICATE_METHOD_MATCH = YES;
				"CODE_SIGN_IDENTITY[sdk=iphoneos*]" = "iPhone Developer";
				COPY_PHASE_STRIP = NO;
				DEBUG_INFORMATION_FORMAT = "dwarf-with-dsym";
				ENABLE_NS_ASSERTIONS = NO;
				ENABLE_STRICT_OBJC_MSGSEND = YES;
				GCC_C_LANGUAGE_STANDARD = gnu99;
				GCC_NO_COMMON_BLOCKS = YES;
				GCC_WARN_64_TO_32_BIT_CONVERSION = YES;
				GCC_WARN_ABOUT_RETURN_TYPE = YES_ERROR;
				GCC_WARN_UNDECLARED_SELECTOR = YES;
				GCC_WARN_UNINITIALIZED_AUTOS = YES_AGGRESSIVE;
				GCC_WARN_UNUSED_FUNCTION = YES;
				GCC_WARN_UNUSED_VARIABLE = YES;
				IPHONEOS_DEPLOYMENT_TARGET = 9.3;
				MTL_ENABLE_DEBUG_INFO = NO;
				SDKROOT = iphoneos;
				SWIFT_OPTIMIZATION_LEVEL = "-Owholemodule";
				VALIDATE_PRODUCT = YES;
			};
			name = Release;
		};
		607FACF01AFB9204008FA782 /* Debug */ = {
			isa = XCBuildConfiguration;
			baseConfigurationReference = 145838CC59F8DA4F55ECF8AC /* Pods-RxAlamoRecord_Example.debug.xcconfig */;
			buildSettings = {
				ASSETCATALOG_COMPILER_APPICON_NAME = AppIcon;
				INFOPLIST_FILE = RxAlamoRecord/Info.plist;
				IPHONEOS_DEPLOYMENT_TARGET = 12.0;
				LD_RUNPATH_SEARCH_PATHS = "$(inherited) @executable_path/Frameworks";
				MODULE_NAME = ExampleApp;
				PRODUCT_BUNDLE_IDENTIFIER = "org.cocoapods.demo.$(PRODUCT_NAME:rfc1034identifier)";
				PRODUCT_NAME = "$(TARGET_NAME)";
				SWIFT_VERSION = 5.0;
			};
			name = Debug;
		};
		607FACF11AFB9204008FA782 /* Release */ = {
			isa = XCBuildConfiguration;
			baseConfigurationReference = CF57EB786A704CF83BD5134A /* Pods-RxAlamoRecord_Example.release.xcconfig */;
			buildSettings = {
				ASSETCATALOG_COMPILER_APPICON_NAME = AppIcon;
				INFOPLIST_FILE = RxAlamoRecord/Info.plist;
				IPHONEOS_DEPLOYMENT_TARGET = 12.0;
				LD_RUNPATH_SEARCH_PATHS = "$(inherited) @executable_path/Frameworks";
				MODULE_NAME = ExampleApp;
				PRODUCT_BUNDLE_IDENTIFIER = "org.cocoapods.demo.$(PRODUCT_NAME:rfc1034identifier)";
				PRODUCT_NAME = "$(TARGET_NAME)";
				SWIFT_VERSION = 5.0;
			};
			name = Release;
		};
/* End XCBuildConfiguration section */

/* Begin XCConfigurationList section */
		5CAE0FB221211A5A002C9E3D /* Build configuration list for PBXNativeTarget "RxAlamoRecordTests" */ = {
			isa = XCConfigurationList;
			buildConfigurations = (
				5CAE0FB321211A5A002C9E3D /* Debug */,
				5CAE0FB421211A5A002C9E3D /* Release */,
			);
			defaultConfigurationIsVisible = 0;
			defaultConfigurationName = Release;
		};
		607FACCB1AFB9204008FA782 /* Build configuration list for PBXProject "RxAlamoRecord" */ = {
			isa = XCConfigurationList;
			buildConfigurations = (
				607FACED1AFB9204008FA782 /* Debug */,
				607FACEE1AFB9204008FA782 /* Release */,
			);
			defaultConfigurationIsVisible = 0;
			defaultConfigurationName = Release;
		};
		607FACEF1AFB9204008FA782 /* Build configuration list for PBXNativeTarget "RxAlamoRecord_Example" */ = {
			isa = XCConfigurationList;
			buildConfigurations = (
				607FACF01AFB9204008FA782 /* Debug */,
				607FACF11AFB9204008FA782 /* Release */,
			);
			defaultConfigurationIsVisible = 0;
			defaultConfigurationName = Release;
		};
/* End XCConfigurationList section */
	};
	rootObject = 607FACC81AFB9204008FA782 /* Project object */;
}
